
Microsoft Visual Studio Solution File, Format Version 12.00
# Visual Studio Version 17
VisualStudioVersion = 17.4.33122.133
MinimumVisualStudioVersion = 10.0.40219.1
Project("{FAE04EC0-301F-11D3-BF4B-00C04F79EFBC}") = "10.01", "10.01.csproj", "{D4478AD5-4550-4D72-9F0B-25428D7D94FE}"
EndProject
Global
	GlobalSection(SolutionConfigurationPlatforms) = preSolution
		Debug|Any CPU = Debug|Any CPU
		Release|Any CPU = Release|Any CPU
	EndGlobalSection
	GlobalSection(ProjectConfigurationPlatforms) = postSolution
		{D4478AD5-4550-4D72-9F0B-25428D7D94FE}.Debug|Any CPU.ActiveCfg = Debug|Any CPU
		{D4478AD5-4550-4D72-9F0B-25428D7D94FE}.Debug|Any CPU.Build.0 = Debug|Any CPU
		{D4478AD5-4550-4D72-9F0B-25428D7D94FE}.Release|Any CPU.ActiveCfg = Release|Any CPU
		{D4478AD5-4550-4D72-9F0B-25428D7D94FE}.Release|Any CPU.Build.0 = Release|Any CPU
	EndGlobalSection
	GlobalSection(SolutionProperties) = preSolution
		HideSolutionNode = FALSE
	EndGlobalSection
	GlobalSection(ExtensibilityGlobals) = postSolution
		SolutionGuid = {B58C104A-3F5B-41C8-BA3C-00BB9D0CC5DE}
	EndGlobalSection
EndGlobal
